// !$*UTF8*$!
{
	archiveVersion = 1;
	classes = {
	};
	objectVersion = 50;
	objects = {

/* Begin PBXBuildFile section */
		2E0C6FC421C94BBA00DEFD02 /* DevicePicker.cpp in Sources */ = {isa = PBXBuildFile; fileRef = 2E0C6FC221C94BBA00DEFD02 /* DevicePicker.cpp */; };
		2E2874BF21C7D42B00A135CA /* Game.cpp in Sources */ = {isa = PBXBuildFile; fileRef = 2E2874BD21C7D42B00A135CA /* Game.cpp */; };
		2E2874C221C80B5C00A135CA /* DeviceManager.cpp in Sources */ = {isa = PBXBuildFile; fileRef = 2E2874C021C80B5C00A135CA /* DeviceManager.cpp */; };
		2E378A4021C3DD1400A53B5C /* FileReader.cpp in Sources */ = {isa = PBXBuildFile; fileRef = 2E378A3F21C3DD1400A53B5C /* FileReader.cpp */; };
		2E468FE121C2A39C00DDBFF3 /* Headers in Frameworks */ = {isa = PBXBuildFile; fileRef = 2E468FE021C2A39C00DDBFF3 /* Headers */; };
		2E468FE221C2A3A300DDBFF3 /* Headers in CopyFiles */ = {isa = PBXBuildFile; fileRef = 2E468FE021C2A39C00DDBFF3 /* Headers */; };
		2E468FE421C2A6E600DDBFF3 /* libglfw.3.3.dylib in Frameworks */ = {isa = PBXBuildFile; fileRef = 2E468FE321C2A6E600DDBFF3 /* libglfw.3.3.dylib */; };
		2E468FE521C2A6F500DDBFF3 /* libglfw.3.3.dylib in CopyFiles */ = {isa = PBXBuildFile; fileRef = 2E468FE321C2A6E600DDBFF3 /* libglfw.3.3.dylib */; settings = {ATTRIBUTES = (CodeSignOnCopy, ); }; };
		2E48AF0521C80E7300B1E5EC /* WindowManager.cpp in Sources */ = {isa = PBXBuildFile; fileRef = 2E48AF0321C80E7300B1E5EC /* WindowManager.cpp */; };
		2E48AF0821C81CD200B1E5EC /* ValidationLayersManager.cpp in Sources */ = {isa = PBXBuildFile; fileRef = 2E48AF0621C81CD200B1E5EC /* ValidationLayersManager.cpp */; };
		2E91D25821D3E15C007AA26D /* DescriptorManager.cpp in Sources */ = {isa = PBXBuildFile; fileRef = 2E91D25621D3E15C007AA26D /* DescriptorManager.cpp */; };
		2E9BA32C21CA96E20061249D /* SwapChainManager.cpp in Sources */ = {isa = PBXBuildFile; fileRef = 2E9BA32A21CA96E20061249D /* SwapChainManager.cpp */; };
		2E9BA33021CAA85F0061249D /* Renderer.cpp in Sources */ = {isa = PBXBuildFile; fileRef = 2E9BA32E21CAA85F0061249D /* Renderer.cpp */; };
		2E9BA33321CAAD890061249D /* GraphicsPipeline.cpp in Sources */ = {isa = PBXBuildFile; fileRef = 2E9BA33121CAAD890061249D /* GraphicsPipeline.cpp */; };
		2EAEA0C821C94EB300D8901E /* QueueFamiliesManager.cpp in Sources */ = {isa = PBXBuildFile; fileRef = 2EAEA0C621C94EB300D8901E /* QueueFamiliesManager.cpp */; };
		2EB6296321B9EBE200FCC9E5 /* main.cpp in Sources */ = {isa = PBXBuildFile; fileRef = 2EB6296221B9EBE200FCC9E5 /* main.cpp */; };
		2EE11F5E21BB097C001B407E /* libvulkan.1.1.92.dylib in Frameworks */ = {isa = PBXBuildFile; fileRef = 2EB6296C21B9F03A00FCC9E5 /* libvulkan.1.1.92.dylib */; };
		2EE11F6121BB09AC001B407E /* libvulkan.1.1.92.dylib in CopyFiles */ = {isa = PBXBuildFile; fileRef = 2EB6296C21B9F03A00FCC9E5 /* libvulkan.1.1.92.dylib */; };
		2EE11F6321BB0AD2001B407E /* libvulkan.1.dylib in Frameworks */ = {isa = PBXBuildFile; fileRef = 2EE11F6221BB0AD2001B407E /* libvulkan.1.dylib */; };
		2EE11F6421BB0AD6001B407E /* libvulkan.1.dylib in CopyFiles */ = {isa = PBXBuildFile; fileRef = 2EE11F6221BB0AD2001B407E /* libvulkan.1.dylib */; };
/* End PBXBuildFile section */

/* Begin PBXCopyFilesBuildPhase section */
		2EB6295D21B9EBE200FCC9E5 /* CopyFiles */ = {
			isa = PBXCopyFilesBuildPhase;
			buildActionMask = 12;
			dstPath = usr/share/man/man1;
			dstSubfolderSpec = 10;
			files = (
				2E468FE521C2A6F500DDBFF3 /* libglfw.3.3.dylib in CopyFiles */,
				2E468FE221C2A3A300DDBFF3 /* Headers in CopyFiles */,
				2EE11F6421BB0AD6001B407E /* libvulkan.1.dylib in CopyFiles */,
				2EE11F6121BB09AC001B407E /* libvulkan.1.1.92.dylib in CopyFiles */,
			);
			runOnlyForDeploymentPostprocessing = 0;
		};
/* End PBXCopyFilesBuildPhase section */

/* Begin PBXFileReference section */
		2E0C6FC221C94BBA00DEFD02 /* DevicePicker.cpp */ = {isa = PBXFileReference; lastKnownFileType = sourcecode.cpp.cpp; path = DevicePicker.cpp; sourceTree = "<group>"; };
		2E0C6FC321C94BBA00DEFD02 /* DevicePicker.h */ = {isa = PBXFileReference; lastKnownFileType = sourcecode.c.h; path = DevicePicker.h; sourceTree = "<group>"; };
		2E2874BD21C7D42B00A135CA /* Game.cpp */ = {isa = PBXFileReference; lastKnownFileType = sourcecode.cpp.cpp; path = Game.cpp; sourceTree = "<group>"; };
		2E2874BE21C7D42B00A135CA /* Game.h */ = {isa = PBXFileReference; lastKnownFileType = sourcecode.c.h; path = Game.h; sourceTree = "<group>"; };
		2E2874C021C80B5C00A135CA /* DeviceManager.cpp */ = {isa = PBXFileReference; lastKnownFileType = sourcecode.cpp.cpp; path = DeviceManager.cpp; sourceTree = "<group>"; };
		2E2874C121C80B5C00A135CA /* DeviceManager.h */ = {isa = PBXFileReference; lastKnownFileType = sourcecode.c.h; path = DeviceManager.h; sourceTree = "<group>"; };
		2E378A3A21C3D54000A53B5C /* Shaders */ = {isa = PBXFileReference; lastKnownFileType = folder; path = Shaders; sourceTree = "<group>"; };
		2E378A3D21C3D6FF00A53B5C /* FileReader.h */ = {isa = PBXFileReference; lastKnownFileType = sourcecode.c.h; path = FileReader.h; sourceTree = "<group>"; };
		2E378A3F21C3DD1400A53B5C /* FileReader.cpp */ = {isa = PBXFileReference; lastKnownFileType = sourcecode.cpp.cpp; path = FileReader.cpp; sourceTree = "<group>"; };
		2E468FE021C2A39C00DDBFF3 /* Headers */ = {isa = PBXFileReference; lastKnownFileType = folder; name = Headers; path = ../Dependencies/vulkan/macOS/Frameworks/vulkan.framework/Versions/A/Headers; sourceTree = "<group>"; };
		2E468FE321C2A6E600DDBFF3 /* libglfw.3.3.dylib */ = {isa = PBXFileReference; lastKnownFileType = "compiled.mach-o.dylib"; name = libglfw.3.3.dylib; path = "../../../../../../usr/local/Cellar/glfw/HEAD-f9923e9/lib/libglfw.3.3.dylib"; sourceTree = "<group>"; };
		2E48AF0321C80E7300B1E5EC /* WindowManager.cpp */ = {isa = PBXFileReference; lastKnownFileType = sourcecode.cpp.cpp; path = WindowManager.cpp; sourceTree = "<group>"; };
		2E48AF0421C80E7300B1E5EC /* WindowManager.h */ = {isa = PBXFileReference; lastKnownFileType = sourcecode.c.h; path = WindowManager.h; sourceTree = "<group>"; };
		2E48AF0621C81CD200B1E5EC /* ValidationLayersManager.cpp */ = {isa = PBXFileReference; lastKnownFileType = sourcecode.cpp.cpp; path = ValidationLayersManager.cpp; sourceTree = "<group>"; };
		2E48AF0721C81CD200B1E5EC /* ValidationLayersManager.h */ = {isa = PBXFileReference; lastKnownFileType = sourcecode.c.h; path = ValidationLayersManager.h; sourceTree = "<group>"; };
		2E91D25621D3E15C007AA26D /* DescriptorManager.cpp */ = {isa = PBXFileReference; lastKnownFileType = sourcecode.cpp.cpp; path = DescriptorManager.cpp; sourceTree = "<group>"; };
		2E91D25721D3E15C007AA26D /* DescriptorManager.h */ = {isa = PBXFileReference; lastKnownFileType = sourcecode.c.h; path = DescriptorManager.h; sourceTree = "<group>"; };
		2E9BA32821CA670A0061249D /* Device.h */ = {isa = PBXFileReference; lastKnownFileType = sourcecode.c.h; path = Device.h; sourceTree = "<group>"; };
		2E9BA32A21CA96E20061249D /* SwapChainManager.cpp */ = {isa = PBXFileReference; lastKnownFileType = sourcecode.cpp.cpp; path = SwapChainManager.cpp; sourceTree = "<group>"; };
		2E9BA32B21CA96E20061249D /* SwapChainManager.h */ = {isa = PBXFileReference; lastKnownFileType = sourcecode.c.h; path = SwapChainManager.h; sourceTree = "<group>"; };
		2E9BA32D21CA9F7F0061249D /* SwapChain.h */ = {isa = PBXFileReference; lastKnownFileType = sourcecode.c.h; path = SwapChain.h; sourceTree = "<group>"; };
		2E9BA32E21CAA85F0061249D /* Renderer.cpp */ = {isa = PBXFileReference; lastKnownFileType = sourcecode.cpp.cpp; path = Renderer.cpp; sourceTree = "<group>"; };
		2E9BA32F21CAA85F0061249D /* Renderer.h */ = {isa = PBXFileReference; lastKnownFileType = sourcecode.c.h; path = Renderer.h; sourceTree = "<group>"; };
		2E9BA33121CAAD890061249D /* GraphicsPipeline.cpp */ = {isa = PBXFileReference; lastKnownFileType = sourcecode.cpp.cpp; path = GraphicsPipeline.cpp; sourceTree = "<group>"; };
		2E9BA33221CAAD890061249D /* GraphicsPipeline.h */ = {isa = PBXFileReference; lastKnownFileType = sourcecode.c.h; path = GraphicsPipeline.h; sourceTree = "<group>"; };
		2E9BA33521CC15180061249D /* Shaders.h */ = {isa = PBXFileReference; lastKnownFileType = sourcecode.c.h; path = Shaders.h; sourceTree = "<group>"; };
		2E9BA33621CD31840061249D /* Graphics.h */ = {isa = PBXFileReference; lastKnownFileType = sourcecode.c.h; path = Graphics.h; sourceTree = "<group>"; };
		2EAEA0C621C94EB300D8901E /* QueueFamiliesManager.cpp */ = {isa = PBXFileReference; lastKnownFileType = sourcecode.cpp.cpp; path = QueueFamiliesManager.cpp; sourceTree = "<group>"; };
		2EAEA0C721C94EB300D8901E /* QueueFamiliesManager.h */ = {isa = PBXFileReference; lastKnownFileType = sourcecode.c.h; path = QueueFamiliesManager.h; sourceTree = "<group>"; };
		2EB6295F21B9EBE200FCC9E5 /* GameEngine1 */ = {isa = PBXFileReference; explicitFileType = "compiled.mach-o.executable"; includeInIndex = 0; path = GameEngine1; sourceTree = BUILT_PRODUCTS_DIR; };
		2EB6296221B9EBE200FCC9E5 /* main.cpp */ = {isa = PBXFileReference; lastKnownFileType = sourcecode.cpp.cpp; path = main.cpp; sourceTree = "<group>"; };
		2EB6296C21B9F03A00FCC9E5 /* libvulkan.1.1.92.dylib */ = {isa = PBXFileReference; lastKnownFileType = "compiled.mach-o.dylib"; name = libvulkan.1.1.92.dylib; path = ../Dependencies/vulkan/macOS/lib/libvulkan.1.1.92.dylib; sourceTree = "<group>"; };
		2EE11F6221BB0AD2001B407E /* libvulkan.1.dylib */ = {isa = PBXFileReference; lastKnownFileType = "compiled.mach-o.dylib"; name = libvulkan.1.dylib; path = ../Dependencies/vulkan/macOS/lib/libvulkan.1.dylib; sourceTree = "<group>"; };
/* End PBXFileReference section */

/* Begin PBXFrameworksBuildPhase section */
		2EB6295C21B9EBE200FCC9E5 /* Frameworks */ = {
			isa = PBXFrameworksBuildPhase;
			buildActionMask = 2147483647;
			files = (
				2E468FE421C2A6E600DDBFF3 /* libglfw.3.3.dylib in Frameworks */,
				2E468FE121C2A39C00DDBFF3 /* Headers in Frameworks */,
				2EE11F5E21BB097C001B407E /* libvulkan.1.1.92.dylib in Frameworks */,
				2EE11F6321BB0AD2001B407E /* libvulkan.1.dylib in Frameworks */,
			);
			runOnlyForDeploymentPostprocessing = 0;
		};
/* End PBXFrameworksBuildPhase section */

/* Begin PBXGroup section */
		2E2874BC21C7D40400A135CA /* GameLogic */ = {
			isa = PBXGroup;
			children = (
				2E2874BD21C7D42B00A135CA /* Game.cpp */,
				2E2874BE21C7D42B00A135CA /* Game.h */,
				2E2874C021C80B5C00A135CA /* DeviceManager.cpp */,
				2E2874C121C80B5C00A135CA /* DeviceManager.h */,
				2E0C6FC221C94BBA00DEFD02 /* DevicePicker.cpp */,
				2E0C6FC321C94BBA00DEFD02 /* DevicePicker.h */,
				2EAEA0C621C94EB300D8901E /* QueueFamiliesManager.cpp */,
				2EAEA0C721C94EB300D8901E /* QueueFamiliesManager.h */,
				2E48AF0321C80E7300B1E5EC /* WindowManager.cpp */,
				2E48AF0421C80E7300B1E5EC /* WindowManager.h */,
				2E48AF0621C81CD200B1E5EC /* ValidationLayersManager.cpp */,
				2E48AF0721C81CD200B1E5EC /* ValidationLayersManager.h */,
				2E9BA32A21CA96E20061249D /* SwapChainManager.cpp */,
				2E9BA32B21CA96E20061249D /* SwapChainManager.h */,
				2E91D25621D3E15C007AA26D /* DescriptorManager.cpp */,
				2E91D25721D3E15C007AA26D /* DescriptorManager.h */,
				2E9BA32E21CAA85F0061249D /* Renderer.cpp */,
				2E9BA32F21CAA85F0061249D /* Renderer.h */,
				2E9BA33121CAAD890061249D /* GraphicsPipeline.cpp */,
				2E9BA33221CAAD890061249D /* GraphicsPipeline.h */,
			);
			name = GameLogic;
			path = "New Group";
			sourceTree = "<group>";
		};
		2E378A3B21C3D6E200A53B5C /* FileLoader */ = {
			isa = PBXGroup;
			children = (
				2E378A3F21C3DD1400A53B5C /* FileReader.cpp */,
				2E378A3D21C3D6FF00A53B5C /* FileReader.h */,
			);
			path = FileLoader;
			sourceTree = "<group>";
		};
		2E9BA32621CA66F20061249D /* Objects */ = {
			isa = PBXGroup;
			children = (
				2E9BA33421CC14F60061249D /* Shaders */,
				2E9BA32821CA670A0061249D /* Device.h */,
				2E9BA33621CD31840061249D /* Graphics.h */,
				2E9BA32D21CA9F7F0061249D /* SwapChain.h */,
			);
			path = Objects;
			sourceTree = "<group>";
		};
		2E9BA33421CC14F60061249D /* Shaders */ = {
			isa = PBXGroup;
			children = (
				2E9BA33521CC15180061249D /* Shaders.h */,
			);
			path = Shaders;
			sourceTree = "<group>";
		};
		2EB6295621B9EBE200FCC9E5 = {
			isa = PBXGroup;
			children = (
				2EB6296121B9EBE200FCC9E5 /* GameEngine1 */,
				2EB6296021B9EBE200FCC9E5 /* Products */,
				2EB6296921B9EFF500FCC9E5 /* Frameworks */,
			);
			sourceTree = "<group>";
		};
		2EB6296021B9EBE200FCC9E5 /* Products */ = {
			isa = PBXGroup;
			children = (
				2EB6295F21B9EBE200FCC9E5 /* GameEngine1 */,
			);
			name = Products;
			sourceTree = "<group>";
		};
		2EB6296121B9EBE200FCC9E5 /* GameEngine1 */ = {
			isa = PBXGroup;
			children = (
				2E9BA32621CA66F20061249D /* Objects */,
				2E2874BC21C7D40400A135CA /* GameLogic */,
				2E378A3B21C3D6E200A53B5C /* FileLoader */,
				2E378A3A21C3D54000A53B5C /* Shaders */,
				2EB6296221B9EBE200FCC9E5 /* main.cpp */,
			);
			path = GameEngine1;
			sourceTree = "<group>";
		};
		2EB6296921B9EFF500FCC9E5 /* Frameworks */ = {
			isa = PBXGroup;
			children = (
				2E468FE321C2A6E600DDBFF3 /* libglfw.3.3.dylib */,
				2E468FE021C2A39C00DDBFF3 /* Headers */,
				2EE11F6221BB0AD2001B407E /* libvulkan.1.dylib */,
				2EB6296C21B9F03A00FCC9E5 /* libvulkan.1.1.92.dylib */,
			);
			name = Frameworks;
			sourceTree = "<group>";
		};
/* End PBXGroup section */

/* Begin PBXNativeTarget section */
		2EB6295E21B9EBE200FCC9E5 /* GameEngine1 */ = {
			isa = PBXNativeTarget;
			buildConfigurationList = 2EB6296621B9EBE200FCC9E5 /* Build configuration list for PBXNativeTarget "GameEngine1" */;
			buildPhases = (
				2EB6295B21B9EBE200FCC9E5 /* Sources */,
				2EB6295C21B9EBE200FCC9E5 /* Frameworks */,
				2EB6295D21B9EBE200FCC9E5 /* CopyFiles */,
			);
			buildRules = (
			);
			dependencies = (
			);
			name = GameEngine1;
			productName = GameEngine1;
			productReference = 2EB6295F21B9EBE200FCC9E5 /* GameEngine1 */;
			productType = "com.apple.product-type.tool";
		};
/* End PBXNativeTarget section */

/* Begin PBXProject section */
		2EB6295721B9EBE200FCC9E5 /* Project object */ = {
			isa = PBXProject;
			attributes = {
				LastUpgradeCheck = 1010;
				ORGANIZATIONNAME = "Sindra, Lucas";
				TargetAttributes = {
					2EB6295E21B9EBE200FCC9E5 = {
						CreatedOnToolsVersion = 10.1;
					};
				};
			};
			buildConfigurationList = 2EB6295A21B9EBE200FCC9E5 /* Build configuration list for PBXProject "GameEngine1" */;
			compatibilityVersion = "Xcode 9.3";
			developmentRegion = en;
			hasScannedForEncodings = 0;
			knownRegions = (
				en,
			);
			mainGroup = 2EB6295621B9EBE200FCC9E5;
			productRefGroup = 2EB6296021B9EBE200FCC9E5 /* Products */;
			projectDirPath = "";
			projectRoot = "";
			targets = (
				2EB6295E21B9EBE200FCC9E5 /* GameEngine1 */,
			);
		};
/* End PBXProject section */

/* Begin PBXSourcesBuildPhase section */
		2EB6295B21B9EBE200FCC9E5 /* Sources */ = {
			isa = PBXSourcesBuildPhase;
			buildActionMask = 2147483647;
			files = (
				2E91D25821D3E15C007AA26D /* DescriptorManager.cpp in Sources */,
				2E48AF0821C81CD200B1E5EC /* ValidationLayersManager.cpp in Sources */,
				2E378A4021C3DD1400A53B5C /* FileReader.cpp in Sources */,
				2E2874BF21C7D42B00A135CA /* Game.cpp in Sources */,
				2E9BA33321CAAD890061249D /* GraphicsPipeline.cpp in Sources */,
				2EAEA0C821C94EB300D8901E /* QueueFamiliesManager.cpp in Sources */,
				2E48AF0521C80E7300B1E5EC /* WindowManager.cpp in Sources */,
				2EB6296321B9EBE200FCC9E5 /* main.cpp in Sources */,
				2E9BA33021CAA85F0061249D /* Renderer.cpp in Sources */,
				2E2874C221C80B5C00A135CA /* DeviceManager.cpp in Sources */,
				2E9BA32C21CA96E20061249D /* SwapChainManager.cpp in Sources */,
				2E0C6FC421C94BBA00DEFD02 /* DevicePicker.cpp in Sources */,
			);
			runOnlyForDeploymentPostprocessing = 0;
		};
/* End PBXSourcesBuildPhase section */

/* Begin XCBuildConfiguration section */
		2EB6296421B9EBE200FCC9E5 /* Debug */ = {
			isa = XCBuildConfiguration;
			buildSettings = {
				ALWAYS_SEARCH_USER_PATHS = NO;
				CLANG_ANALYZER_NONNULL = YES;
				CLANG_ANALYZER_NUMBER_OBJECT_CONVERSION = YES_AGGRESSIVE;
				CLANG_CXX_LANGUAGE_STANDARD = "gnu++14";
				CLANG_CXX_LIBRARY = "libc++";
				CLANG_ENABLE_MODULES = YES;
				CLANG_ENABLE_OBJC_ARC = YES;
				CLANG_ENABLE_OBJC_WEAK = YES;
				CLANG_WARN_BLOCK_CAPTURE_AUTORELEASING = YES;
				CLANG_WARN_BOOL_CONVERSION = YES;
				CLANG_WARN_COMMA = YES;
				CLANG_WARN_CONSTANT_CONVERSION = YES;
				CLANG_WARN_DEPRECATED_OBJC_IMPLEMENTATIONS = YES;
				CLANG_WARN_DIRECT_OBJC_ISA_USAGE = YES_ERROR;
				CLANG_WARN_DOCUMENTATION_COMMENTS = YES;
				CLANG_WARN_EMPTY_BODY = YES;
				CLANG_WARN_ENUM_CONVERSION = YES;
				CLANG_WARN_INFINITE_RECURSION = YES;
				CLANG_WARN_INT_CONVERSION = YES;
				CLANG_WARN_NON_LITERAL_NULL_CONVERSION = YES;
				CLANG_WARN_OBJC_IMPLICIT_RETAIN_SELF = YES;
				CLANG_WARN_OBJC_LITERAL_CONVERSION = YES;
				CLANG_WARN_OBJC_ROOT_CLASS = YES_ERROR;
				CLANG_WARN_RANGE_LOOP_ANALYSIS = YES;
				CLANG_WARN_STRICT_PROTOTYPES = YES;
				CLANG_WARN_SUSPICIOUS_MOVE = YES;
				CLANG_WARN_UNGUARDED_AVAILABILITY = YES_AGGRESSIVE;
				CLANG_WARN_UNREACHABLE_CODE = YES;
				CLANG_WARN__DUPLICATE_METHOD_MATCH = YES;
				CODE_SIGN_IDENTITY = "-";
				COPY_PHASE_STRIP = NO;
				DEBUG_INFORMATION_FORMAT = dwarf;
				ENABLE_STRICT_OBJC_MSGSEND = YES;
				ENABLE_TESTABILITY = YES;
				GCC_C_LANGUAGE_STANDARD = gnu11;
				GCC_DYNAMIC_NO_PIC = NO;
				GCC_NO_COMMON_BLOCKS = YES;
				GCC_OPTIMIZATION_LEVEL = 0;
				GCC_PREPROCESSOR_DEFINITIONS = (
					"DEBUG=1",
					"$(inherited)",
				);
				GCC_WARN_64_TO_32_BIT_CONVERSION = YES;
				GCC_WARN_ABOUT_RETURN_TYPE = YES_ERROR;
				GCC_WARN_UNDECLARED_SELECTOR = YES;
				GCC_WARN_UNINITIALIZED_AUTOS = YES_AGGRESSIVE;
				GCC_WARN_UNUSED_FUNCTION = YES;
				GCC_WARN_UNUSED_VARIABLE = YES;
				MACOSX_DEPLOYMENT_TARGET = 10.14;
				MTL_ENABLE_DEBUG_INFO = INCLUDE_SOURCE;
				MTL_FAST_MATH = YES;
				ONLY_ACTIVE_ARCH = YES;
				SDKROOT = macosx;
			};
			name = Debug;
		};
		2EB6296521B9EBE200FCC9E5 /* Release */ = {
			isa = XCBuildConfiguration;
			buildSettings = {
				ALWAYS_SEARCH_USER_PATHS = NO;
				CLANG_ANALYZER_NONNULL = YES;
				CLANG_ANALYZER_NUMBER_OBJECT_CONVERSION = YES_AGGRESSIVE;
				CLANG_CXX_LANGUAGE_STANDARD = "gnu++14";
				CLANG_CXX_LIBRARY = "libc++";
				CLANG_ENABLE_MODULES = YES;
				CLANG_ENABLE_OBJC_ARC = YES;
				CLANG_ENABLE_OBJC_WEAK = YES;
				CLANG_WARN_BLOCK_CAPTURE_AUTORELEASING = YES;
				CLANG_WARN_BOOL_CONVERSION = YES;
				CLANG_WARN_COMMA = YES;
				CLANG_WARN_CONSTANT_CONVERSION = YES;
				CLANG_WARN_DEPRECATED_OBJC_IMPLEMENTATIONS = YES;
				CLANG_WARN_DIRECT_OBJC_ISA_USAGE = YES_ERROR;
				CLANG_WARN_DOCUMENTATION_COMMENTS = YES;
				CLANG_WARN_EMPTY_BODY = YES;
				CLANG_WARN_ENUM_CONVERSION = YES;
				CLANG_WARN_INFINITE_RECURSION = YES;
				CLANG_WARN_INT_CONVERSION = YES;
				CLANG_WARN_NON_LITERAL_NULL_CONVERSION = YES;
				CLANG_WARN_OBJC_IMPLICIT_RETAIN_SELF = YES;
				CLANG_WARN_OBJC_LITERAL_CONVERSION = YES;
				CLANG_WARN_OBJC_ROOT_CLASS = YES_ERROR;
				CLANG_WARN_RANGE_LOOP_ANALYSIS = YES;
				CLANG_WARN_STRICT_PROTOTYPES = YES;
				CLANG_WARN_SUSPICIOUS_MOVE = YES;
				CLANG_WARN_UNGUARDED_AVAILABILITY = YES_AGGRESSIVE;
				CLANG_WARN_UNREACHABLE_CODE = YES;
				CLANG_WARN__DUPLICATE_METHOD_MATCH = YES;
				CODE_SIGN_IDENTITY = "-";
				COPY_PHASE_STRIP = NO;
				DEBUG_INFORMATION_FORMAT = "dwarf-with-dsym";
				ENABLE_NS_ASSERTIONS = NO;
				ENABLE_STRICT_OBJC_MSGSEND = YES;
				GCC_C_LANGUAGE_STANDARD = gnu11;
				GCC_NO_COMMON_BLOCKS = YES;
				GCC_WARN_64_TO_32_BIT_CONVERSION = YES;
				GCC_WARN_ABOUT_RETURN_TYPE = YES_ERROR;
				GCC_WARN_UNDECLARED_SELECTOR = YES;
				GCC_WARN_UNINITIALIZED_AUTOS = YES_AGGRESSIVE;
				GCC_WARN_UNUSED_FUNCTION = YES;
				GCC_WARN_UNUSED_VARIABLE = YES;
				MACOSX_DEPLOYMENT_TARGET = 10.14;
				MTL_ENABLE_DEBUG_INFO = NO;
				MTL_FAST_MATH = YES;
				SDKROOT = macosx;
			};
			name = Release;
		};
		2EB6296721B9EBE200FCC9E5 /* Debug */ = {
			isa = XCBuildConfiguration;
			buildSettings = {
				ALWAYS_EMBED_SWIFT_STANDARD_LIBRARIES = NO;
				CLANG_CXX_LANGUAGE_STANDARD = "c++17";
				CODE_SIGN_STYLE = Automatic;
				HEADER_SEARCH_PATHS = (
					/usr/local/include,
					/Users/sap/Documents/Projects/GameDev/Dependencies/vulkan/macOS/include,
				);
				LIBRARY_SEARCH_PATHS = (
					/usr/local/lib,
					/Users/sap/Documents/Projects/GameDev/Dependencies/vulkan/macOS/lib,
					"/usr/local/Cellar/glfw/HEAD-f9923e9/lib",
				);
				PRODUCT_NAME = "$(TARGET_NAME)";
			};
			name = Debug;
		};
		2EB6296821B9EBE200FCC9E5 /* Release */ = {
			isa = XCBuildConfiguration;
			buildSettings = {
				ALWAYS_EMBED_SWIFT_STANDARD_LIBRARIES = NO;
				CLANG_CXX_LANGUAGE_STANDARD = "c++17";
				CODE_SIGN_STYLE = Automatic;
				HEADER_SEARCH_PATHS = (
					/usr/local/include,
					/Users/sap/Documents/Projects/GameDev/Dependencies/vulkan/macOS/include,
				);
				LIBRARY_SEARCH_PATHS = (
					/usr/local/lib,
					/Users/sap/Documents/Projects/GameDev/Dependencies/vulkan/macOS/lib,
					"/usr/local/Cellar/glfw/HEAD-f9923e9/lib",
				);
				PRODUCT_NAME = "$(TARGET_NAME)";
			};
			name = Release;
		};
/* End XCBuildConfiguration section */

/* Begin XCConfigurationList section */
		2EB6295A21B9EBE200FCC9E5 /* Build configuration list for PBXProject "GameEngine1" */ = {
			isa = XCConfigurationList;
			buildConfigurations = (
				2EB6296421B9EBE200FCC9E5 /* Debug */,
				2EB6296521B9EBE200FCC9E5 /* Release */,
			);
			defaultConfigurationIsVisible = 0;
			defaultConfigurationName = Release;
		};
		2EB6296621B9EBE200FCC9E5 /* Build configuration list for PBXNativeTarget "GameEngine1" */ = {
			isa = XCConfigurationList;
			buildConfigurations = (
				2EB6296721B9EBE200FCC9E5 /* Debug */,
				2EB6296821B9EBE200FCC9E5 /* Release */,
			);
			defaultConfigurationIsVisible = 0;
			defaultConfigurationName = Release;
		};
/* End XCConfigurationList section */
	};
	rootObject = 2EB6295721B9EBE200FCC9E5 /* Project object */;
}
